
Microsoft Visual Studio Solution File, Format Version 12.00
# Visual Studio 2012
Project("{FAE04EC0-301F-11D3-BF4B-00C04F79EFBC}") = "GridLayoutExercise", "GridLayoutExercise\GridLayoutExercise.csproj", "{88F27C9D-F0B1-44EC-9183-C3F6125705FF}"
EndProject
Project("{FAE04EC0-301F-11D3-BF4B-00C04F79EFBC}") = "GridLayoutExercise.iOS", "iOS\GridLayoutExercise.iOS.csproj", "{3A782DA2-8719-4FCE-B5A5-06BCAE55A0B7}"
EndProject
Project("{FAE04EC0-301F-11D3-BF4B-00C04F79EFBC}") = "GridLayoutExercise.Droid", "Droid\GridLayoutExercise.Droid.csproj", "{47EE0DA2-09E9-451D-987D-A3452B792F91}"
EndProject
Global
	GlobalSection(SolutionConfigurationPlatforms) = preSolution
		Debug|Any CPU = Debug|Any CPU
		Release|Any CPU = Release|Any CPU
		Debug|iPhoneSimulator = Debug|iPhoneSimulator
		Release|iPhone = Release|iPhone
		Release|iPhoneSimulator = Release|iPhoneSimulator
		Debug|iPhone = Debug|iPhone
	EndGlobalSection
	GlobalSection(ProjectConfigurationPlatforms) = postSolution
		{88F27C9D-F0B1-44EC-9183-C3F6125705FF}.Debug|Any CPU.ActiveCfg = Debug|Any CPU
		{88F27C9D-F0B1-44EC-9183-C3F6125705FF}.Debug|Any CPU.Build.0 = Debug|Any CPU
		{88F27C9D-F0B1-44EC-9183-C3F6125705FF}.Release|Any CPU.ActiveCfg = Release|Any CPU
		{88F27C9D-F0B1-44EC-9183-C3F6125705FF}.Release|Any CPU.Build.0 = Release|Any CPU
		{88F27C9D-F0B1-44EC-9183-C3F6125705FF}.Debug|iPhoneSimulator.ActiveCfg = Debug|Any CPU
		{88F27C9D-F0B1-44EC-9183-C3F6125705FF}.Debug|iPhoneSimulator.Build.0 = Debug|Any CPU
		{88F27C9D-F0B1-44EC-9183-C3F6125705FF}.Release|iPhone.ActiveCfg = Release|Any CPU
		{88F27C9D-F0B1-44EC-9183-C3F6125705FF}.Release|iPhone.Build.0 = Release|Any CPU
		{88F27C9D-F0B1-44EC-9183-C3F6125705FF}.Release|iPhoneSimulator.ActiveCfg = Release|Any CPU
		{88F27C9D-F0B1-44EC-9183-C3F6125705FF}.Release|iPhoneSimulator.Build.0 = Release|Any CPU
		{88F27C9D-F0B1-44EC-9183-C3F6125705FF}.Debug|iPhone.ActiveCfg = Debug|Any CPU
		{88F27C9D-F0B1-44EC-9183-C3F6125705FF}.Debug|iPhone.Build.0 = Debug|Any CPU
		{3A782DA2-8719-4FCE-B5A5-06BCAE55A0B7}.Debug|Any CPU.ActiveCfg = Debug|iPhoneSimulator
		{3A782DA2-8719-4FCE-B5A5-06BCAE55A0B7}.Debug|Any CPU.Build.0 = Debug|iPhoneSimulator
		{3A782DA2-8719-4FCE-B5A5-06BCAE55A0B7}.Release|Any CPU.ActiveCfg = Release|iPhone
		{3A782DA2-8719-4FCE-B5A5-06BCAE55A0B7}.Release|Any CPU.Build.0 = Release|iPhone
		{3A782DA2-8719-4FCE-B5A5-06BCAE55A0B7}.Debug|iPhoneSimulator.ActiveCfg = Debug|iPhoneSimulator
		{3A782DA2-8719-4FCE-B5A5-06BCAE55A0B7}.Debug|iPhoneSimulator.Build.0 = Debug|iPhoneSimulator
		{3A782DA2-8719-4FCE-B5A5-06BCAE55A0B7}.Release|iPhone.ActiveCfg = Release|iPhone
		{3A782DA2-8719-4FCE-B5A5-06BCAE55A0B7}.Release|iPhone.Build.0 = Release|iPhone
		{3A782DA2-8719-4FCE-B5A5-06BCAE55A0B7}.Release|iPhoneSimulator.ActiveCfg = Release|iPhoneSimulator
		{3A782DA2-8719-4FCE-B5A5-06BCAE55A0B7}.Release|iPhoneSimulator.Build.0 = Release|iPhoneSimulator
		{3A782DA2-8719-4FCE-B5A5-06BCAE55A0B7}.Debug|iPhone.ActiveCfg = Debug|iPhone
		{3A782DA2-8719-4FCE-B5A5-06BCAE55A0B7}.Debug|iPhone.Build.0 = Debug|iPhone
		{47EE0DA2-09E9-451D-987D-A3452B792F91}.Debug|Any CPU.ActiveCfg = Debug|Any CPU
		{47EE0DA2-09E9-451D-987D-A3452B792F91}.Debug|Any CPU.Build.0 = Debug|Any CPU
		{47EE0DA2-09E9-451D-987D-A3452B792F91}.Release|Any CPU.ActiveCfg = Release|Any CPU
		{47EE0DA2-09E9-451D-987D-A3452B792F91}.Release|Any CPU.Build.0 = Release|Any CPU
		{47EE0DA2-09E9-451D-987D-A3452B792F91}.Debug|iPhoneSimulator.ActiveCfg = Debug|Any CPU
		{47EE0DA2-09E9-451D-987D-A3452B792F91}.Debug|iPhoneSimulator.Build.0 = Debug|Any CPU
		{47EE0DA2-09E9-451D-987D-A3452B792F91}.Release|iPhone.ActiveCfg = Release|Any CPU
		{47EE0DA2-09E9-451D-987D-A3452B792F91}.Release|iPhone.Build.0 = Release|Any CPU
		{47EE0DA2-09E9-451D-987D-A3452B792F91}.Release|iPhoneSimulator.ActiveCfg = Release|Any CPU
		{47EE0DA2-09E9-451D-987D-A3452B792F91}.Release|iPhoneSimulator.Build.0 = Release|Any CPU
		{47EE0DA2-09E9-451D-987D-A3452B792F91}.Debug|iPhone.ActiveCfg = Debug|Any CPU
		{47EE0DA2-09E9-451D-987D-A3452B792F91}.Debug|iPhone.Build.0 = Debug|Any CPU
	EndGlobalSection
EndGlobal
